// !$*UTF8*$!
{
	archiveVersion = 1;
	classes = {
	};
	objectVersion = 50;
	objects = {

/* Begin PBXBuildFile section */
		F38A6AAF258CB628002A08FC /* CoreVideo.framework in Frameworks */ = {isa = PBXBuildFile; fileRef = F38A6AAE258CB628002A08FC /* CoreVideo.framework */; };
		F38A6AB2258CB657002A08FC /* libiconv.2.tbd in Frameworks */ = {isa = PBXBuildFile; fileRef = F38A6AB1258CB657002A08FC /* libiconv.2.tbd */; };
		F38A6AB5258CB682002A08FC /* libz.tbd in Frameworks */ = {isa = PBXBuildFile; fileRef = F38A6AB4258CB682002A08FC /* libz.tbd */; };
		F38A6AD7258DC3B0002A08FC /* Foundation.framework in Frameworks */ = {isa = PBXBuildFile; fileRef = F38A6AD6258DC3B0002A08FC /* Foundation.framework */; };
		F38A6ADD258DC3C7002A08FC /* AVFoundation.framework in Frameworks */ = {isa = PBXBuildFile; fileRef = F38A6ADC258DC3C7002A08FC /* AVFoundation.framework */; };
		F38A6AE0258DC437002A08FC /* AudioToolbox.framework in Frameworks */ = {isa = PBXBuildFile; fileRef = F38A6ADF258DC437002A08FC /* AudioToolbox.framework */; };
		F38A6AE6258DC476002A08FC /* CoreMedia.framework in Frameworks */ = {isa = PBXBuildFile; fileRef = F38A6AE5258DC476002A08FC /* CoreMedia.framework */; };
		F38A6AF2258DD19A002A08FC /* VideoToolbox.framework in Frameworks */ = {isa = PBXBuildFile; fileRef = F38A6AD3258DC395002A08FC /* VideoToolbox.framework */; };
		F3BA5B40259C7A7500AA16A3 /* X264EncoderTest.cpp in Sources */ = {isa = PBXBuildFile; fileRef = F3BA5B3F259C7A7500AA16A3 /* X264EncoderTest.cpp */; };
		F3BA5B6D259DCC6800AA16A3 /* main.c in Sources */ = {isa = PBXBuildFile; fileRef = F3BA5B6C259DCC6800AA16A3 /* main.c */; };
		F3BA5B9025A29B4F00AA16A3 /* simplest_ffmpeg_decoder.cpp in Sources */ = {isa = PBXBuildFile; fileRef = F3BA5B8F25A29B4F00AA16A3 /* simplest_ffmpeg_decoder.cpp */; };
/* End PBXBuildFile section */

/* Begin PBXCopyFilesBuildPhase section */
		F38A6A9C258CB375002A08FC /* CopyFiles */ = {
			isa = PBXCopyFilesBuildPhase;
			buildActionMask = 2147483647;
			dstPath = /usr/share/man/man1/;
			dstSubfolderSpec = 0;
			files = (
			);
			runOnlyForDeploymentPostprocessing = 1;
		};
/* End PBXCopyFilesBuildPhase section */

/* Begin PBXFileReference section */
		F38A6A9E258CB375002A08FC /* ffmpeg02 */ = {isa = PBXFileReference; explicitFileType = "compiled.mach-o.executable"; includeInIndex = 0; path = ffmpeg02; sourceTree = BUILT_PRODUCTS_DIR; };
		F38A6AAE258CB628002A08FC /* CoreVideo.framework */ = {isa = PBXFileReference; lastKnownFileType = wrapper.framework; name = CoreVideo.framework; path = System/Library/Frameworks/CoreVideo.framework; sourceTree = SDKROOT; };
		F38A6AB1258CB657002A08FC /* libiconv.2.tbd */ = {isa = PBXFileReference; lastKnownFileType = "sourcecode.text-based-dylib-definition"; name = libiconv.2.tbd; path = usr/lib/libiconv.2.tbd; sourceTree = SDKROOT; };
		F38A6AB4258CB682002A08FC /* libz.tbd */ = {isa = PBXFileReference; lastKnownFileType = "sourcecode.text-based-dylib-definition"; name = libz.tbd; path = usr/lib/libz.tbd; sourceTree = SDKROOT; };
		F38A6AD3258DC395002A08FC /* VideoToolbox.framework */ = {isa = PBXFileReference; lastKnownFileType = wrapper.framework; name = VideoToolbox.framework; path = System/Library/Frameworks/VideoToolbox.framework; sourceTree = SDKROOT; };
		F38A6AD6258DC3B0002A08FC /* Foundation.framework */ = {isa = PBXFileReference; lastKnownFileType = wrapper.framework; name = Foundation.framework; path = System/Library/Frameworks/Foundation.framework; sourceTree = SDKROOT; };
		F38A6AD9258DC3BE002A08FC /* CoreFoundation.framework */ = {isa = PBXFileReference; lastKnownFileType = wrapper.framework; name = CoreFoundation.framework; path = System/Library/Frameworks/CoreFoundation.framework; sourceTree = SDKROOT; };
		F38A6ADC258DC3C7002A08FC /* AVFoundation.framework */ = {isa = PBXFileReference; lastKnownFileType = wrapper.framework; name = AVFoundation.framework; path = System/Library/Frameworks/AVFoundation.framework; sourceTree = SDKROOT; };
		F38A6ADF258DC437002A08FC /* AudioToolbox.framework */ = {isa = PBXFileReference; lastKnownFileType = wrapper.framework; name = AudioToolbox.framework; path = System/Library/Frameworks/AudioToolbox.framework; sourceTree = SDKROOT; };
		F38A6AE5258DC476002A08FC /* CoreMedia.framework */ = {isa = PBXFileReference; lastKnownFileType = wrapper.framework; name = CoreMedia.framework; path = System/Library/Frameworks/CoreMedia.framework; sourceTree = SDKROOT; };
		F3BA5B3F259C7A7500AA16A3 /* X264EncoderTest.cpp */ = {isa = PBXFileReference; lastKnownFileType = sourcecode.cpp.cpp; path = X264EncoderTest.cpp; sourceTree = "<group>"; };
		F3BA5B44259C840100AA16A3 /* libx264.c */ = {isa = PBXFileReference; lastKnownFileType = sourcecode.c.c; name = libx264.c; path = ../../../../../day/webrtcgit/ffmpeg/libavcodec/libx264.c; sourceTree = "<group>"; };
		F3BA5B6C259DCC6800AA16A3 /* main.c */ = {isa = PBXFileReference; fileEncoding = 4; lastKnownFileType = sourcecode.c.c; path = main.c; sourceTree = "<group>"; };
		F3BA5B8F25A29B4F00AA16A3 /* simplest_ffmpeg_decoder.cpp */ = {isa = PBXFileReference; fileEncoding = 4; lastKnownFileType = sourcecode.cpp.cpp; path = simplest_ffmpeg_decoder.cpp; sourceTree = "<group>"; };
		F3E66C94258F9E7400A5D882 /* rtpproto.c */ = {isa = PBXFileReference; lastKnownFileType = sourcecode.c.c; name = rtpproto.c; path = ../../../../../day/webrtcgit/ffmpeg/libavformat/rtpproto.c; sourceTree = "<group>"; };
/* End PBXFileReference section */

/* Begin PBXFrameworksBuildPhase section */
		F38A6A9B258CB375002A08FC /* Frameworks */ = {
			isa = PBXFrameworksBuildPhase;
			buildActionMask = 2147483647;
			files = (
				F38A6AF2258DD19A002A08FC /* VideoToolbox.framework in Frameworks */,
				F38A6AE6258DC476002A08FC /* CoreMedia.framework in Frameworks */,
				F38A6AE0258DC437002A08FC /* AudioToolbox.framework in Frameworks */,
				F38A6ADD258DC3C7002A08FC /* AVFoundation.framework in Frameworks */,
				F38A6AD7258DC3B0002A08FC /* Foundation.framework in Frameworks */,
				F38A6AB5258CB682002A08FC /* libz.tbd in Frameworks */,
				F38A6AB2258CB657002A08FC /* libiconv.2.tbd in Frameworks */,
				F38A6AAF258CB628002A08FC /* CoreVideo.framework in Frameworks */,
			);
			runOnlyForDeploymentPostprocessing = 0;
		};
/* End PBXFrameworksBuildPhase section */

/* Begin PBXGroup section */
		F38A6A95258CB375002A08FC = {
			isa = PBXGroup;
			children = (
				F38A6AA0258CB375002A08FC /* ffmpeg02 */,
				F38A6A9F258CB375002A08FC /* Products */,
				F38A6AAD258CB628002A08FC /* Frameworks */,
			);
			sourceTree = "<group>";
		};
		F38A6A9F258CB375002A08FC /* Products */ = {
			isa = PBXGroup;
			children = (
				F38A6A9E258CB375002A08FC /* ffmpeg02 */,
			);
			name = Products;
			sourceTree = "<group>";
		};
		F38A6AA0258CB375002A08FC /* ffmpeg02 */ = {
			isa = PBXGroup;
			children = (
				F3BA5B8F25A29B4F00AA16A3 /* simplest_ffmpeg_decoder.cpp */,
				F3BA5B6C259DCC6800AA16A3 /* main.c */,
				F3E66C94258F9E7400A5D882 /* rtpproto.c */,
				F3BA5B3F259C7A7500AA16A3 /* X264EncoderTest.cpp */,
				F3BA5B44259C840100AA16A3 /* libx264.c */,
			);
			path = ffmpeg02;
			sourceTree = "<group>";
		};
		F38A6AAD258CB628002A08FC /* Frameworks */ = {
			isa = PBXGroup;
			children = (
				F38A6AE5258DC476002A08FC /* CoreMedia.framework */,
				F38A6ADF258DC437002A08FC /* AudioToolbox.framework */,
				F38A6ADC258DC3C7002A08FC /* AVFoundation.framework */,
				F38A6AD9258DC3BE002A08FC /* CoreFoundation.framework */,
				F38A6AD6258DC3B0002A08FC /* Foundation.framework */,
				F38A6AD3258DC395002A08FC /* VideoToolbox.framework */,
				F38A6AB4258CB682002A08FC /* libz.tbd */,
				F38A6AB1258CB657002A08FC /* libiconv.2.tbd */,
				F38A6AAE258CB628002A08FC /* CoreVideo.framework */,
			);
			name = Frameworks;
			sourceTree = "<group>";
		};
/* End PBXGroup section */

/* Begin PBXNativeTarget section */
		F38A6A9D258CB375002A08FC /* ffmpeg02 */ = {
			isa = PBXNativeTarget;
			buildConfigurationList = F38A6AA5258CB375002A08FC /* Build configuration list for PBXNativeTarget "ffmpeg02" */;
			buildPhases = (
				F38A6A9A258CB375002A08FC /* Sources */,
				F38A6A9B258CB375002A08FC /* Frameworks */,
				F38A6A9C258CB375002A08FC /* CopyFiles */,
			);
			buildRules = (
			);
			dependencies = (
			);
			name = ffmpeg02;
			productName = ffmpeg02;
			productReference = F38A6A9E258CB375002A08FC /* ffmpeg02 */;
			productType = "com.apple.product-type.tool";
		};
/* End PBXNativeTarget section */

/* Begin PBXProject section */
		F38A6A96258CB375002A08FC /* Project object */ = {
			isa = PBXProject;
			attributes = {
				LastUpgradeCheck = 1200;
				TargetAttributes = {
					F38A6A9D258CB375002A08FC = {
						CreatedOnToolsVersion = 12.0.1;
					};
				};
			};
			buildConfigurationList = F38A6A99258CB375002A08FC /* Build configuration list for PBXProject "ffmpeg02" */;
			compatibilityVersion = "Xcode 9.3";
			developmentRegion = en;
			hasScannedForEncodings = 0;
			knownRegions = (
				en,
				Base,
			);
			mainGroup = F38A6A95258CB375002A08FC;
			productRefGroup = F38A6A9F258CB375002A08FC /* Products */;
			projectDirPath = "";
			projectRoot = "";
			targets = (
				F38A6A9D258CB375002A08FC /* ffmpeg02 */,
			);
		};
/* End PBXProject section */

/* Begin PBXSourcesBuildPhase section */
		F38A6A9A258CB375002A08FC /* Sources */ = {
			isa = PBXSourcesBuildPhase;
			buildActionMask = 2147483647;
			files = (
				F3BA5B6D259DCC6800AA16A3 /* main.c in Sources */,
				F3BA5B40259C7A7500AA16A3 /* X264EncoderTest.cpp in Sources */,
				F3BA5B9025A29B4F00AA16A3 /* simplest_ffmpeg_decoder.cpp in Sources */,
			);
			runOnlyForDeploymentPostprocessing = 0;
		};
/* End PBXSourcesBuildPhase section */

/* Begin XCBuildConfiguration section */
		F38A6AA3258CB375002A08FC /* Debug */ = {
			isa = XCBuildConfiguration;
			buildSettings = {
				ALWAYS_SEARCH_USER_PATHS = NO;
				CLANG_ANALYZER_NONNULL = YES;
				CLANG_ANALYZER_NUMBER_OBJECT_CONVERSION = YES_AGGRESSIVE;
				CLANG_CXX_LANGUAGE_STANDARD = "gnu++14";
				CLANG_CXX_LIBRARY = "libc++";
				CLANG_ENABLE_MODULES = YES;
				CLANG_ENABLE_OBJC_ARC = YES;
				CLANG_ENABLE_OBJC_WEAK = YES;
				CLANG_WARN_BLOCK_CAPTURE_AUTORELEASING = YES;
				CLANG_WARN_BOOL_CONVERSION = YES;
				CLANG_WARN_COMMA = YES;
				CLANG_WARN_CONSTANT_CONVERSION = YES;
				CLANG_WARN_DEPRECATED_OBJC_IMPLEMENTATIONS = YES;
				CLANG_WARN_DIRECT_OBJC_ISA_USAGE = YES_ERROR;
				CLANG_WARN_DOCUMENTATION_COMMENTS = YES;
				CLANG_WARN_EMPTY_BODY = YES;
				CLANG_WARN_ENUM_CONVERSION = YES;
				CLANG_WARN_INFINITE_RECURSION = YES;
				CLANG_WARN_INT_CONVERSION = YES;
				CLANG_WARN_NON_LITERAL_NULL_CONVERSION = YES;
				CLANG_WARN_OBJC_IMPLICIT_RETAIN_SELF = YES;
				CLANG_WARN_OBJC_LITERAL_CONVERSION = YES;
				CLANG_WARN_OBJC_ROOT_CLASS = YES_ERROR;
				CLANG_WARN_QUOTED_INCLUDE_IN_FRAMEWORK_HEADER = YES;
				CLANG_WARN_RANGE_LOOP_ANALYSIS = YES;
				CLANG_WARN_STRICT_PROTOTYPES = YES;
				CLANG_WARN_SUSPICIOUS_MOVE = YES;
				CLANG_WARN_UNGUARDED_AVAILABILITY = YES_AGGRESSIVE;
				CLANG_WARN_UNREACHABLE_CODE = YES;
				CLANG_WARN__DUPLICATE_METHOD_MATCH = YES;
				COPY_PHASE_STRIP = NO;
				DEBUG_INFORMATION_FORMAT = dwarf;
				ENABLE_STRICT_OBJC_MSGSEND = YES;
				ENABLE_TESTABILITY = YES;
				GCC_C_LANGUAGE_STANDARD = gnu11;
				GCC_DYNAMIC_NO_PIC = NO;
				GCC_NO_COMMON_BLOCKS = YES;
				GCC_OPTIMIZATION_LEVEL = 0;
				GCC_PREPROCESSOR_DEFINITIONS = (
					"DEBUG=1",
					"$(inherited)",
				);
				GCC_WARN_64_TO_32_BIT_CONVERSION = YES;
				GCC_WARN_ABOUT_RETURN_TYPE = YES_ERROR;
				GCC_WARN_UNDECLARED_SELECTOR = YES;
				GCC_WARN_UNINITIALIZED_AUTOS = YES_AGGRESSIVE;
				GCC_WARN_UNUSED_FUNCTION = YES;
				GCC_WARN_UNUSED_VARIABLE = YES;
				MACOSX_DEPLOYMENT_TARGET = 10.15;
				MTL_ENABLE_DEBUG_INFO = INCLUDE_SOURCE;
				MTL_FAST_MATH = YES;
				ONLY_ACTIVE_ARCH = YES;
				SDKROOT = macosx;
			};
			name = Debug;
		};
		F38A6AA4258CB375002A08FC /* Release */ = {
			isa = XCBuildConfiguration;
			buildSettings = {
				ALWAYS_SEARCH_USER_PATHS = NO;
				CLANG_ANALYZER_NONNULL = YES;
				CLANG_ANALYZER_NUMBER_OBJECT_CONVERSION = YES_AGGRESSIVE;
				CLANG_CXX_LANGUAGE_STANDARD = "gnu++14";
				CLANG_CXX_LIBRARY = "libc++";
				CLANG_ENABLE_MODULES = YES;
				CLANG_ENABLE_OBJC_ARC = YES;
				CLANG_ENABLE_OBJC_WEAK = YES;
				CLANG_WARN_BLOCK_CAPTURE_AUTORELEASING = YES;
				CLANG_WARN_BOOL_CONVERSION = YES;
				CLANG_WARN_COMMA = YES;
				CLANG_WARN_CONSTANT_CONVERSION = YES;
				CLANG_WARN_DEPRECATED_OBJC_IMPLEMENTATIONS = YES;
				CLANG_WARN_DIRECT_OBJC_ISA_USAGE = YES_ERROR;
				CLANG_WARN_DOCUMENTATION_COMMENTS = YES;
				CLANG_WARN_EMPTY_BODY = YES;
				CLANG_WARN_ENUM_CONVERSION = YES;
				CLANG_WARN_INFINITE_RECURSION = YES;
				CLANG_WARN_INT_CONVERSION = YES;
				CLANG_WARN_NON_LITERAL_NULL_CONVERSION = YES;
				CLANG_WARN_OBJC_IMPLICIT_RETAIN_SELF = YES;
				CLANG_WARN_OBJC_LITERAL_CONVERSION = YES;
				CLANG_WARN_OBJC_ROOT_CLASS = YES_ERROR;
				CLANG_WARN_QUOTED_INCLUDE_IN_FRAMEWORK_HEADER = YES;
				CLANG_WARN_RANGE_LOOP_ANALYSIS = YES;
				CLANG_WARN_STRICT_PROTOTYPES = YES;
				CLANG_WARN_SUSPICIOUS_MOVE = YES;
				CLANG_WARN_UNGUARDED_AVAILABILITY = YES_AGGRESSIVE;
				CLANG_WARN_UNREACHABLE_CODE = YES;
				CLANG_WARN__DUPLICATE_METHOD_MATCH = YES;
				COPY_PHASE_STRIP = NO;
				DEBUG_INFORMATION_FORMAT = "dwarf-with-dsym";
				ENABLE_NS_ASSERTIONS = NO;
				ENABLE_STRICT_OBJC_MSGSEND = YES;
				GCC_C_LANGUAGE_STANDARD = gnu11;
				GCC_NO_COMMON_BLOCKS = YES;
				GCC_WARN_64_TO_32_BIT_CONVERSION = YES;
				GCC_WARN_ABOUT_RETURN_TYPE = YES_ERROR;
				GCC_WARN_UNDECLARED_SELECTOR = YES;
				GCC_WARN_UNINITIALIZED_AUTOS = YES_AGGRESSIVE;
				GCC_WARN_UNUSED_FUNCTION = YES;
				GCC_WARN_UNUSED_VARIABLE = YES;
				MACOSX_DEPLOYMENT_TARGET = 10.15;
				MTL_ENABLE_DEBUG_INFO = NO;
				MTL_FAST_MATH = YES;
				SDKROOT = macosx;
			};
			name = Release;
		};
		F38A6AA6258CB375002A08FC /* Debug */ = {
			isa = XCBuildConfiguration;
			buildSettings = {
				CODE_SIGN_STYLE = Automatic;
				DEVELOPMENT_TEAM = 7448PDV238;
				ENABLE_HARDENED_RUNTIME = YES;
				LD_GENERATE_MAP_FILE = YES;
				OTHER_LDFLAGS = (
					"\"/Users/yanjun/Desktop/lbb/day/webrtcgit/ffmpeg/libavcodec/libavcodec.a\"",
					"\"/Users/yanjun/Desktop/lbb/day/webrtcgit/ffmpeg/libavformat/libavformat.a\"",
					"\"/Users/yanjun/Desktop/lbb/day/webrtcgit/ffmpeg/libavutil/libavutil.a\"",
					"\"/Users/yanjun/Desktop/lbb/day/webrtcgit/ffmpeg/libavfilter/libavfilter.a\"",
					"\"/Users/yanjun/Desktop/lbb/day/webrtcgit/ffmpeg/libswresample/libswresample.a\"",
					"\"/Users/yanjun/Desktop/lbb/day/webrtcgit/ffmpeg/libavdevice/libavdevice.a\"",
					"\"/usr/local/Cellar/x264/r2917/lib/libx264.a\"",
					"\"/Users/yanjun/Desktop/lbb/day/webrtcgit/ffmpeg/libswscale/libswscale.a\"",
				);
				PRODUCT_NAME = "$(TARGET_NAME)";
				SYSTEM_HEADER_SEARCH_PATHS = /Users/yanjun/Desktop/lbb/day/webrtcgit/ffmpeg;
			};
			name = Debug;
		};
		F38A6AA7258CB375002A08FC /* Release */ = {
			isa = XCBuildConfiguration;
			buildSettings = {
				CODE_SIGN_STYLE = Automatic;
				DEVELOPMENT_TEAM = 7448PDV238;
				ENABLE_HARDENED_RUNTIME = YES;
				LD_GENERATE_MAP_FILE = YES;
				OTHER_LDFLAGS = (
					"\"/Users/yanjun/Desktop/lbb/day/webrtcgit/ffmpeg/libavcodec/libavcodec.a\"",
					"\"/Users/yanjun/Desktop/lbb/day/webrtcgit/ffmpeg/libavformat/libavformat.a\"",
					"\"/Users/yanjun/Desktop/lbb/day/webrtcgit/ffmpeg/libavutil/libavutil.a\"",
					"\"/Users/yanjun/Desktop/lbb/day/webrtcgit/ffmpeg/libavfilter/libavfilter.a\"",
					"\"/Users/yanjun/Desktop/lbb/day/webrtcgit/ffmpeg/libswresample/libswresample.a\"",
					"\"/Users/yanjun/Desktop/lbb/day/webrtcgit/ffmpeg/libavdevice/libavdevice.a\"",
					"\"/usr/local/Cellar/x264/r2917/lib/libx264.a\"",
					"\"/Users/yanjun/Desktop/lbb/day/webrtcgit/ffmpeg/libswscale/libswscale.a\"",
				);
				PRODUCT_NAME = "$(TARGET_NAME)";
				SYSTEM_HEADER_SEARCH_PATHS = /Users/yanjun/Desktop/lbb/day/webrtcgit/ffmpeg;
			};
			name = Release;
		};
/* End XCBuildConfiguration section */

/* Begin XCConfigurationList section */
		F38A6A99258CB375002A08FC /* Build configuration list for PBXProject "ffmpeg02" */ = {
			isa = XCConfigurationList;
			buildConfigurations = (
				F38A6AA3258CB375002A08FC /* Debug */,
				F38A6AA4258CB375002A08FC /* Release */,
			);
			defaultConfigurationIsVisible = 0;
			defaultConfigurationName = Release;
		};
		F38A6AA5258CB375002A08FC /* Build configuration list for PBXNativeTarget "ffmpeg02" */ = {
			isa = XCConfigurationList;
			buildConfigurations = (
				F38A6AA6258CB375002A08FC /* Debug */,
				F38A6AA7258CB375002A08FC /* Release */,
			);
			defaultConfigurationIsVisible = 0;
			defaultConfigurationName = Release;
		};
/* End XCConfigurationList section */
	};
	rootObject = F38A6A96258CB375002A08FC /* Project object */;
}
