// !$*UTF8*$!
{
	archiveVersion = 1;
	classes = {
	};
	objectVersion = 50;
	objects = {

/* Begin PBXBuildFile section */
		F37BAF9925A7045300FB6B85 /* AppDelegate.m in Sources */ = {isa = PBXBuildFile; fileRef = F37BAF9825A7045300FB6B85 /* AppDelegate.m */; };
		F37BAF9C25A7045300FB6B85 /* SceneDelegate.m in Sources */ = {isa = PBXBuildFile; fileRef = F37BAF9B25A7045300FB6B85 /* SceneDelegate.m */; };
		F37BAF9F25A7045300FB6B85 /* ViewController.mm in Sources */ = {isa = PBXBuildFile; fileRef = F37BAF9E25A7045300FB6B85 /* ViewController.mm */; };
		F37BAFA225A7045300FB6B85 /* Main.storyboard in Resources */ = {isa = PBXBuildFile; fileRef = F37BAFA025A7045300FB6B85 /* Main.storyboard */; };
		F37BAFA425A7045800FB6B85 /* Assets.xcassets in Resources */ = {isa = PBXBuildFile; fileRef = F37BAFA325A7045800FB6B85 /* Assets.xcassets */; };
		F37BAFA725A7045800FB6B85 /* LaunchScreen.storyboard in Resources */ = {isa = PBXBuildFile; fileRef = F37BAFA525A7045800FB6B85 /* LaunchScreen.storyboard */; };
		F37BAFAA25A7045800FB6B85 /* main.m in Sources */ = {isa = PBXBuildFile; fileRef = F37BAFA925A7045800FB6B85 /* main.m */; };
		F37BAFB625A704F800FB6B85 /* libyuv.a in Frameworks */ = {isa = PBXBuildFile; fileRef = F37BAFB525A704F800FB6B85 /* libyuv.a */; };
		F37BAFBA25A7051400FB6B85 /* ReplayKit.framework in Frameworks */ = {isa = PBXBuildFile; fileRef = F37BAFB925A7051400FB6B85 /* ReplayKit.framework */; };
		F37BAFBC25A7053500FB6B85 /* CoreMedia.framework in Frameworks */ = {isa = PBXBuildFile; fileRef = F37BAFBB25A7053500FB6B85 /* CoreMedia.framework */; };
		F37BAFBE25A7053F00FB6B85 /* VideoToolbox.framework in Frameworks */ = {isa = PBXBuildFile; fileRef = F37BAFBD25A7053F00FB6B85 /* VideoToolbox.framework */; };
/* End PBXBuildFile section */

/* Begin PBXFileReference section */
		F37BAF9425A7045300FB6B85 /* h264example01.app */ = {isa = PBXFileReference; explicitFileType = wrapper.application; includeInIndex = 0; path = h264example01.app; sourceTree = BUILT_PRODUCTS_DIR; };
		F37BAF9725A7045300FB6B85 /* AppDelegate.h */ = {isa = PBXFileReference; lastKnownFileType = sourcecode.c.h; path = AppDelegate.h; sourceTree = "<group>"; };
		F37BAF9825A7045300FB6B85 /* AppDelegate.m */ = {isa = PBXFileReference; lastKnownFileType = sourcecode.c.objc; path = AppDelegate.m; sourceTree = "<group>"; };
		F37BAF9A25A7045300FB6B85 /* SceneDelegate.h */ = {isa = PBXFileReference; lastKnownFileType = sourcecode.c.h; path = SceneDelegate.h; sourceTree = "<group>"; };
		F37BAF9B25A7045300FB6B85 /* SceneDelegate.m */ = {isa = PBXFileReference; lastKnownFileType = sourcecode.c.objc; path = SceneDelegate.m; sourceTree = "<group>"; };
		F37BAF9D25A7045300FB6B85 /* ViewController.h */ = {isa = PBXFileReference; lastKnownFileType = sourcecode.c.h; path = ViewController.h; sourceTree = "<group>"; };
		F37BAF9E25A7045300FB6B85 /* ViewController.mm */ = {isa = PBXFileReference; lastKnownFileType = sourcecode.cpp.objcpp; path = ViewController.mm; sourceTree = "<group>"; };
		F37BAFA125A7045300FB6B85 /* Base */ = {isa = PBXFileReference; lastKnownFileType = file.storyboard; name = Base; path = Base.lproj/Main.storyboard; sourceTree = "<group>"; };
		F37BAFA325A7045800FB6B85 /* Assets.xcassets */ = {isa = PBXFileReference; lastKnownFileType = folder.assetcatalog; path = Assets.xcassets; sourceTree = "<group>"; };
		F37BAFA625A7045800FB6B85 /* Base */ = {isa = PBXFileReference; lastKnownFileType = file.storyboard; name = Base; path = Base.lproj/LaunchScreen.storyboard; sourceTree = "<group>"; };
		F37BAFA825A7045800FB6B85 /* Info.plist */ = {isa = PBXFileReference; lastKnownFileType = text.plist.xml; path = Info.plist; sourceTree = "<group>"; };
		F37BAFA925A7045800FB6B85 /* main.m */ = {isa = PBXFileReference; lastKnownFileType = sourcecode.c.objc; path = main.m; sourceTree = "<group>"; };
		F37BAFB525A704F800FB6B85 /* libyuv.a */ = {isa = PBXFileReference; lastKnownFileType = archive.ar; name = libyuv.a; path = "../../../../../Downloads/webrtc-lib-9692b2d1d8c6b1e2ea1d0826ec9b39b0b4172585/libs/ios/libyuv/libyuv.a"; sourceTree = "<group>"; };
		F37BAFB925A7051400FB6B85 /* ReplayKit.framework */ = {isa = PBXFileReference; lastKnownFileType = wrapper.framework; name = ReplayKit.framework; path = System/Library/Frameworks/ReplayKit.framework; sourceTree = SDKROOT; };
		F37BAFBB25A7053500FB6B85 /* CoreMedia.framework */ = {isa = PBXFileReference; lastKnownFileType = wrapper.framework; name = CoreMedia.framework; path = System/Library/Frameworks/CoreMedia.framework; sourceTree = SDKROOT; };
		F37BAFBD25A7053F00FB6B85 /* VideoToolbox.framework */ = {isa = PBXFileReference; lastKnownFileType = wrapper.framework; name = VideoToolbox.framework; path = System/Library/Frameworks/VideoToolbox.framework; sourceTree = SDKROOT; };
/* End PBXFileReference section */

/* Begin PBXFrameworksBuildPhase section */
		F37BAF9125A7045300FB6B85 /* Frameworks */ = {
			isa = PBXFrameworksBuildPhase;
			buildActionMask = 2147483647;
			files = (
				F37BAFBE25A7053F00FB6B85 /* VideoToolbox.framework in Frameworks */,
				F37BAFBC25A7053500FB6B85 /* CoreMedia.framework in Frameworks */,
				F37BAFBA25A7051400FB6B85 /* ReplayKit.framework in Frameworks */,
				F37BAFB625A704F800FB6B85 /* libyuv.a in Frameworks */,
			);
			runOnlyForDeploymentPostprocessing = 0;
		};
/* End PBXFrameworksBuildPhase section */

/* Begin PBXGroup section */
		F37BAF8B25A7045300FB6B85 = {
			isa = PBXGroup;
			children = (
				F37BAF9625A7045300FB6B85 /* h264example01 */,
				F37BAF9525A7045300FB6B85 /* Products */,
				F37BAFB825A7051400FB6B85 /* Frameworks */,
			);
			sourceTree = "<group>";
		};
		F37BAF9525A7045300FB6B85 /* Products */ = {
			isa = PBXGroup;
			children = (
				F37BAF9425A7045300FB6B85 /* h264example01.app */,
			);
			name = Products;
			sourceTree = "<group>";
		};
		F37BAF9625A7045300FB6B85 /* h264example01 */ = {
			isa = PBXGroup;
			children = (
				F37BAFB525A704F800FB6B85 /* libyuv.a */,
				F37BAF9725A7045300FB6B85 /* AppDelegate.h */,
				F37BAF9825A7045300FB6B85 /* AppDelegate.m */,
				F37BAF9A25A7045300FB6B85 /* SceneDelegate.h */,
				F37BAF9B25A7045300FB6B85 /* SceneDelegate.m */,
				F37BAF9D25A7045300FB6B85 /* ViewController.h */,
				F37BAF9E25A7045300FB6B85 /* ViewController.mm */,
				F37BAFA025A7045300FB6B85 /* Main.storyboard */,
				F37BAFA325A7045800FB6B85 /* Assets.xcassets */,
				F37BAFA525A7045800FB6B85 /* LaunchScreen.storyboard */,
				F37BAFA825A7045800FB6B85 /* Info.plist */,
				F37BAFA925A7045800FB6B85 /* main.m */,
			);
			path = h264example01;
			sourceTree = "<group>";
		};
		F37BAFB825A7051400FB6B85 /* Frameworks */ = {
			isa = PBXGroup;
			children = (
				F37BAFBD25A7053F00FB6B85 /* VideoToolbox.framework */,
				F37BAFBB25A7053500FB6B85 /* CoreMedia.framework */,
				F37BAFB925A7051400FB6B85 /* ReplayKit.framework */,
			);
			name = Frameworks;
			sourceTree = "<group>";
		};
/* End PBXGroup section */

/* Begin PBXNativeTarget section */
		F37BAF9325A7045300FB6B85 /* h264example01 */ = {
			isa = PBXNativeTarget;
			buildConfigurationList = F37BAFAD25A7045800FB6B85 /* Build configuration list for PBXNativeTarget "h264example01" */;
			buildPhases = (
				F37BAF9025A7045300FB6B85 /* Sources */,
				F37BAF9125A7045300FB6B85 /* Frameworks */,
				F37BAF9225A7045300FB6B85 /* Resources */,
			);
			buildRules = (
			);
			dependencies = (
			);
			name = h264example01;
			productName = h264example01;
			productReference = F37BAF9425A7045300FB6B85 /* h264example01.app */;
			productType = "com.apple.product-type.application";
		};
/* End PBXNativeTarget section */

/* Begin PBXProject section */
		F37BAF8C25A7045300FB6B85 /* Project object */ = {
			isa = PBXProject;
			attributes = {
				LastUpgradeCheck = 1200;
				TargetAttributes = {
					F37BAF9325A7045300FB6B85 = {
						CreatedOnToolsVersion = 12.0.1;
					};
				};
			};
			buildConfigurationList = F37BAF8F25A7045300FB6B85 /* Build configuration list for PBXProject "h264example01" */;
			compatibilityVersion = "Xcode 9.3";
			developmentRegion = en;
			hasScannedForEncodings = 0;
			knownRegions = (
				en,
				Base,
			);
			mainGroup = F37BAF8B25A7045300FB6B85;
			productRefGroup = F37BAF9525A7045300FB6B85 /* Products */;
			projectDirPath = "";
			projectRoot = "";
			targets = (
				F37BAF9325A7045300FB6B85 /* h264example01 */,
			);
		};
/* End PBXProject section */

/* Begin PBXResourcesBuildPhase section */
		F37BAF9225A7045300FB6B85 /* Resources */ = {
			isa = PBXResourcesBuildPhase;
			buildActionMask = 2147483647;
			files = (
				F37BAFA725A7045800FB6B85 /* LaunchScreen.storyboard in Resources */,
				F37BAFA425A7045800FB6B85 /* Assets.xcassets in Resources */,
				F37BAFA225A7045300FB6B85 /* Main.storyboard in Resources */,
			);
			runOnlyForDeploymentPostprocessing = 0;
		};
/* End PBXResourcesBuildPhase section */

/* Begin PBXSourcesBuildPhase section */
		F37BAF9025A7045300FB6B85 /* Sources */ = {
			isa = PBXSourcesBuildPhase;
			buildActionMask = 2147483647;
			files = (
				F37BAF9F25A7045300FB6B85 /* ViewController.mm in Sources */,
				F37BAF9925A7045300FB6B85 /* AppDelegate.m in Sources */,
				F37BAFAA25A7045800FB6B85 /* main.m in Sources */,
				F37BAF9C25A7045300FB6B85 /* SceneDelegate.m in Sources */,
			);
			runOnlyForDeploymentPostprocessing = 0;
		};
/* End PBXSourcesBuildPhase section */

/* Begin PBXVariantGroup section */
		F37BAFA025A7045300FB6B85 /* Main.storyboard */ = {
			isa = PBXVariantGroup;
			children = (
				F37BAFA125A7045300FB6B85 /* Base */,
			);
			name = Main.storyboard;
			sourceTree = "<group>";
		};
		F37BAFA525A7045800FB6B85 /* LaunchScreen.storyboard */ = {
			isa = PBXVariantGroup;
			children = (
				F37BAFA625A7045800FB6B85 /* Base */,
			);
			name = LaunchScreen.storyboard;
			sourceTree = "<group>";
		};
/* End PBXVariantGroup section */

/* Begin XCBuildConfiguration section */
		F37BAFAB25A7045800FB6B85 /* Debug */ = {
			isa = XCBuildConfiguration;
			buildSettings = {
				ALWAYS_SEARCH_USER_PATHS = NO;
				CLANG_ANALYZER_NONNULL = YES;
				CLANG_ANALYZER_NUMBER_OBJECT_CONVERSION = YES_AGGRESSIVE;
				CLANG_CXX_LANGUAGE_STANDARD = "gnu++14";
				CLANG_CXX_LIBRARY = "libc++";
				CLANG_ENABLE_MODULES = YES;
				CLANG_ENABLE_OBJC_ARC = YES;
				CLANG_ENABLE_OBJC_WEAK = YES;
				CLANG_WARN_BLOCK_CAPTURE_AUTORELEASING = YES;
				CLANG_WARN_BOOL_CONVERSION = YES;
				CLANG_WARN_COMMA = YES;
				CLANG_WARN_CONSTANT_CONVERSION = YES;
				CLANG_WARN_DEPRECATED_OBJC_IMPLEMENTATIONS = YES;
				CLANG_WARN_DIRECT_OBJC_ISA_USAGE = YES_ERROR;
				CLANG_WARN_DOCUMENTATION_COMMENTS = YES;
				CLANG_WARN_EMPTY_BODY = YES;
				CLANG_WARN_ENUM_CONVERSION = YES;
				CLANG_WARN_INFINITE_RECURSION = YES;
				CLANG_WARN_INT_CONVERSION = YES;
				CLANG_WARN_NON_LITERAL_NULL_CONVERSION = YES;
				CLANG_WARN_OBJC_IMPLICIT_RETAIN_SELF = YES;
				CLANG_WARN_OBJC_LITERAL_CONVERSION = YES;
				CLANG_WARN_OBJC_ROOT_CLASS = YES_ERROR;
				CLANG_WARN_QUOTED_INCLUDE_IN_FRAMEWORK_HEADER = YES;
				CLANG_WARN_RANGE_LOOP_ANALYSIS = YES;
				CLANG_WARN_STRICT_PROTOTYPES = YES;
				CLANG_WARN_SUSPICIOUS_MOVE = YES;
				CLANG_WARN_UNGUARDED_AVAILABILITY = YES_AGGRESSIVE;
				CLANG_WARN_UNREACHABLE_CODE = YES;
				CLANG_WARN__DUPLICATE_METHOD_MATCH = YES;
				COPY_PHASE_STRIP = NO;
				DEBUG_INFORMATION_FORMAT = dwarf;
				ENABLE_STRICT_OBJC_MSGSEND = YES;
				ENABLE_TESTABILITY = YES;
				GCC_C_LANGUAGE_STANDARD = gnu11;
				GCC_DYNAMIC_NO_PIC = NO;
				GCC_NO_COMMON_BLOCKS = YES;
				GCC_OPTIMIZATION_LEVEL = 0;
				GCC_PREPROCESSOR_DEFINITIONS = (
					"DEBUG=1",
					"$(inherited)",
				);
				GCC_WARN_64_TO_32_BIT_CONVERSION = YES;
				GCC_WARN_ABOUT_RETURN_TYPE = YES_ERROR;
				GCC_WARN_UNDECLARED_SELECTOR = YES;
				GCC_WARN_UNINITIALIZED_AUTOS = YES_AGGRESSIVE;
				GCC_WARN_UNUSED_FUNCTION = YES;
				GCC_WARN_UNUSED_VARIABLE = YES;
				IPHONEOS_DEPLOYMENT_TARGET = 14.0;
				MTL_ENABLE_DEBUG_INFO = INCLUDE_SOURCE;
				MTL_FAST_MATH = YES;
				ONLY_ACTIVE_ARCH = YES;
				SDKROOT = iphoneos;
			};
			name = Debug;
		};
		F37BAFAC25A7045800FB6B85 /* Release */ = {
			isa = XCBuildConfiguration;
			buildSettings = {
				ALWAYS_SEARCH_USER_PATHS = NO;
				CLANG_ANALYZER_NONNULL = YES;
				CLANG_ANALYZER_NUMBER_OBJECT_CONVERSION = YES_AGGRESSIVE;
				CLANG_CXX_LANGUAGE_STANDARD = "gnu++14";
				CLANG_CXX_LIBRARY = "libc++";
				CLANG_ENABLE_MODULES = YES;
				CLANG_ENABLE_OBJC_ARC = YES;
				CLANG_ENABLE_OBJC_WEAK = YES;
				CLANG_WARN_BLOCK_CAPTURE_AUTORELEASING = YES;
				CLANG_WARN_BOOL_CONVERSION = YES;
				CLANG_WARN_COMMA = YES;
				CLANG_WARN_CONSTANT_CONVERSION = YES;
				CLANG_WARN_DEPRECATED_OBJC_IMPLEMENTATIONS = YES;
				CLANG_WARN_DIRECT_OBJC_ISA_USAGE = YES_ERROR;
				CLANG_WARN_DOCUMENTATION_COMMENTS = YES;
				CLANG_WARN_EMPTY_BODY = YES;
				CLANG_WARN_ENUM_CONVERSION = YES;
				CLANG_WARN_INFINITE_RECURSION = YES;
				CLANG_WARN_INT_CONVERSION = YES;
				CLANG_WARN_NON_LITERAL_NULL_CONVERSION = YES;
				CLANG_WARN_OBJC_IMPLICIT_RETAIN_SELF = YES;
				CLANG_WARN_OBJC_LITERAL_CONVERSION = YES;
				CLANG_WARN_OBJC_ROOT_CLASS = YES_ERROR;
				CLANG_WARN_QUOTED_INCLUDE_IN_FRAMEWORK_HEADER = YES;
				CLANG_WARN_RANGE_LOOP_ANALYSIS = YES;
				CLANG_WARN_STRICT_PROTOTYPES = YES;
				CLANG_WARN_SUSPICIOUS_MOVE = YES;
				CLANG_WARN_UNGUARDED_AVAILABILITY = YES_AGGRESSIVE;
				CLANG_WARN_UNREACHABLE_CODE = YES;
				CLANG_WARN__DUPLICATE_METHOD_MATCH = YES;
				COPY_PHASE_STRIP = NO;
				DEBUG_INFORMATION_FORMAT = "dwarf-with-dsym";
				ENABLE_NS_ASSERTIONS = NO;
				ENABLE_STRICT_OBJC_MSGSEND = YES;
				GCC_C_LANGUAGE_STANDARD = gnu11;
				GCC_NO_COMMON_BLOCKS = YES;
				GCC_WARN_64_TO_32_BIT_CONVERSION = YES;
				GCC_WARN_ABOUT_RETURN_TYPE = YES_ERROR;
				GCC_WARN_UNDECLARED_SELECTOR = YES;
				GCC_WARN_UNINITIALIZED_AUTOS = YES_AGGRESSIVE;
				GCC_WARN_UNUSED_FUNCTION = YES;
				GCC_WARN_UNUSED_VARIABLE = YES;
				IPHONEOS_DEPLOYMENT_TARGET = 14.0;
				MTL_ENABLE_DEBUG_INFO = NO;
				MTL_FAST_MATH = YES;
				SDKROOT = iphoneos;
				VALIDATE_PRODUCT = YES;
			};
			name = Release;
		};
		F37BAFAE25A7045800FB6B85 /* Debug */ = {
			isa = XCBuildConfiguration;
			buildSettings = {
				ASSETCATALOG_COMPILER_APPICON_NAME = AppIcon;
				ASSETCATALOG_COMPILER_GLOBAL_ACCENT_COLOR_NAME = AccentColor;
				CODE_SIGN_STYLE = Automatic;
				DEVELOPMENT_TEAM = 7448PDV238;
				ENABLE_BITCODE = NO;
				HEADER_SEARCH_PATHS = (
					"/Users/yanjun/Downloads/webrtc-lib-9692b2d1d8c6b1e2ea1d0826ec9b39b0b4172585",
					"/Users/yanjun/Downloads/webrtc-lib-9692b2d1d8c6b1e2ea1d0826ec9b39b0b4172585/libs/ios/libyuv/include",
				);
				INFOPLIST_FILE = h264example01/Info.plist;
				IPHONEOS_DEPLOYMENT_TARGET = 11.0;
				LD_RUNPATH_SEARCH_PATHS = (
					"$(inherited)",
					"@executable_path/Frameworks",
				);
				LIBRARY_SEARCH_PATHS = "/Users/yanjun/Downloads/webrtc-lib-9692b2d1d8c6b1e2ea1d0826ec9b39b0b4172585/libs/ios/libyuv";
				PRODUCT_BUNDLE_IDENTIFIER = com.ab.h264example01;
				PRODUCT_NAME = "$(TARGET_NAME)";
				TARGETED_DEVICE_FAMILY = "1,2";
			};
			name = Debug;
		};
		F37BAFAF25A7045800FB6B85 /* Release */ = {
			isa = XCBuildConfiguration;
			buildSettings = {
				ASSETCATALOG_COMPILER_APPICON_NAME = AppIcon;
				ASSETCATALOG_COMPILER_GLOBAL_ACCENT_COLOR_NAME = AccentColor;
				CODE_SIGN_STYLE = Automatic;
				DEVELOPMENT_TEAM = 7448PDV238;
				ENABLE_BITCODE = NO;
				HEADER_SEARCH_PATHS = (
					"/Users/yanjun/Downloads/webrtc-lib-9692b2d1d8c6b1e2ea1d0826ec9b39b0b4172585",
					"/Users/yanjun/Downloads/webrtc-lib-9692b2d1d8c6b1e2ea1d0826ec9b39b0b4172585/libs/ios/libyuv/include",
				);
				INFOPLIST_FILE = h264example01/Info.plist;
				IPHONEOS_DEPLOYMENT_TARGET = 11.0;
				LD_RUNPATH_SEARCH_PATHS = (
					"$(inherited)",
					"@executable_path/Frameworks",
				);
				LIBRARY_SEARCH_PATHS = "/Users/yanjun/Downloads/webrtc-lib-9692b2d1d8c6b1e2ea1d0826ec9b39b0b4172585/libs/ios/libyuv";
				PRODUCT_BUNDLE_IDENTIFIER = com.ab.h264example01;
				PRODUCT_NAME = "$(TARGET_NAME)";
				TARGETED_DEVICE_FAMILY = "1,2";
			};
			name = Release;
		};
/* End XCBuildConfiguration section */

/* Begin XCConfigurationList section */
		F37BAF8F25A7045300FB6B85 /* Build configuration list for PBXProject "h264example01" */ = {
			isa = XCConfigurationList;
			buildConfigurations = (
				F37BAFAB25A7045800FB6B85 /* Debug */,
				F37BAFAC25A7045800FB6B85 /* Release */,
			);
			defaultConfigurationIsVisible = 0;
			defaultConfigurationName = Release;
		};
		F37BAFAD25A7045800FB6B85 /* Build configuration list for PBXNativeTarget "h264example01" */ = {
			isa = XCConfigurationList;
			buildConfigurations = (
				F37BAFAE25A7045800FB6B85 /* Debug */,
				F37BAFAF25A7045800FB6B85 /* Release */,
			);
			defaultConfigurationIsVisible = 0;
			defaultConfigurationName = Release;
		};
/* End XCConfigurationList section */
	};
	rootObject = F37BAF8C25A7045300FB6B85 /* Project object */;
}
