// !$*UTF8*$!
{
	archiveVersion = 1;
	classes = {
	};
	objectVersion = 50;
	objects = {

/* Begin PBXBuildFile section */
		F34EC8352584A6BF00E30D9A /* main.cpp in Sources */ = {isa = PBXBuildFile; fileRef = F34EC8342584A6BF00E30D9A /* main.cpp */; };
		F34EC85D2584A71B00E30D9A /* wsserver.cpp in Sources */ = {isa = PBXBuildFile; fileRef = F34EC83F2584A71B00E30D9A /* wsserver.cpp */; };
		F34EC8D02584B6DF00E30D9A /* libsystem_wrappers.a in Frameworks */ = {isa = PBXBuildFile; fileRef = F34EC8CA2584B6CB00E30D9A /* libsystem_wrappers.a */; };
/* End PBXBuildFile section */

/* Begin PBXContainerItemProxy section */
		F34EC8C92584B6CB00E30D9A /* PBXContainerItemProxy */ = {
			isa = PBXContainerItemProxy;
			containerPortal = F34EC8C52584B6CB00E30D9A /* system_wrappers.xcodeproj */;
			proxyType = 2;
			remoteGlobalIDString = 7B55B6203F5C2B47E025B9F4;
			remoteInfo = system_wrappers;
		};
		F34EC8CD2584B6DC00E30D9A /* PBXContainerItemProxy */ = {
			isa = PBXContainerItemProxy;
			containerPortal = F34EC8C52584B6CB00E30D9A /* system_wrappers.xcodeproj */;
			proxyType = 1;
			remoteGlobalIDString = 455BC70E81E4CAFA527F91CD;
			remoteInfo = system_wrappers;
		};
/* End PBXContainerItemProxy section */

/* Begin PBXCopyFilesBuildPhase section */
		F34EC82F2584A6BF00E30D9A /* CopyFiles */ = {
			isa = PBXCopyFilesBuildPhase;
			buildActionMask = 2147483647;
			dstPath = /usr/share/man/man1/;
			dstSubfolderSpec = 0;
			files = (
			);
			runOnlyForDeploymentPostprocessing = 1;
		};
/* End PBXCopyFilesBuildPhase section */

/* Begin PBXFileReference section */
		F34EC8312584A6BF00E30D9A /* wsserver01 */ = {isa = PBXFileReference; explicitFileType = "compiled.mach-o.executable"; includeInIndex = 0; path = wsserver01; sourceTree = BUILT_PRODUCTS_DIR; };
		F34EC8342584A6BF00E30D9A /* main.cpp */ = {isa = PBXFileReference; lastKnownFileType = sourcecode.cpp.cpp; path = main.cpp; sourceTree = "<group>"; };
		F34EC83F2584A71B00E30D9A /* wsserver.cpp */ = {isa = PBXFileReference; fileEncoding = 4; lastKnownFileType = sourcecode.cpp.cpp; path = wsserver.cpp; sourceTree = "<group>"; };
		F34EC84F2584A71B00E30D9A /* wsserver.h */ = {isa = PBXFileReference; fileEncoding = 4; lastKnownFileType = sourcecode.c.h; path = wsserver.h; sourceTree = "<group>"; };
		F34EC8C52584B6CB00E30D9A /* system_wrappers.xcodeproj */ = {isa = PBXFileReference; lastKnownFileType = "wrapper.pb-project"; name = system_wrappers.xcodeproj; path = ../webrtc/system_wrappers/source/system_wrappers.xcodeproj; sourceTree = "<group>"; };
/* End PBXFileReference section */

/* Begin PBXFrameworksBuildPhase section */
		F34EC82E2584A6BF00E30D9A /* Frameworks */ = {
			isa = PBXFrameworksBuildPhase;
			buildActionMask = 2147483647;
			files = (
				F34EC8D02584B6DF00E30D9A /* libsystem_wrappers.a in Frameworks */,
			);
			runOnlyForDeploymentPostprocessing = 0;
		};
/* End PBXFrameworksBuildPhase section */

/* Begin PBXGroup section */
		F34EC8282584A6BF00E30D9A = {
			isa = PBXGroup;
			children = (
				F34EC8C52584B6CB00E30D9A /* system_wrappers.xcodeproj */,
				F34EC8332584A6BF00E30D9A /* wsserver01 */,
				F34EC8322584A6BF00E30D9A /* Products */,
				F34EC8CF2584B6DF00E30D9A /* Frameworks */,
			);
			sourceTree = "<group>";
		};
		F34EC8322584A6BF00E30D9A /* Products */ = {
			isa = PBXGroup;
			children = (
				F34EC8312584A6BF00E30D9A /* wsserver01 */,
			);
			name = Products;
			sourceTree = "<group>";
		};
		F34EC8332584A6BF00E30D9A /* wsserver01 */ = {
			isa = PBXGroup;
			children = (
				F34EC83C2584A71B00E30D9A /* src */,
				F34EC8342584A6BF00E30D9A /* main.cpp */,
			);
			path = wsserver01;
			sourceTree = "<group>";
		};
		F34EC83C2584A71B00E30D9A /* src */ = {
			isa = PBXGroup;
			children = (
				F34EC83F2584A71B00E30D9A /* wsserver.cpp */,
				F34EC84F2584A71B00E30D9A /* wsserver.h */,
			);
			path = src;
			sourceTree = "<group>";
		};
		F34EC8C62584B6CB00E30D9A /* Products */ = {
			isa = PBXGroup;
			children = (
				F34EC8CA2584B6CB00E30D9A /* libsystem_wrappers.a */,
			);
			name = Products;
			sourceTree = "<group>";
		};
		F34EC8CF2584B6DF00E30D9A /* Frameworks */ = {
			isa = PBXGroup;
			children = (
			);
			name = Frameworks;
			sourceTree = "<group>";
		};
/* End PBXGroup section */

/* Begin PBXNativeTarget section */
		F34EC8302584A6BF00E30D9A /* wsserver01 */ = {
			isa = PBXNativeTarget;
			buildConfigurationList = F34EC8382584A6BF00E30D9A /* Build configuration list for PBXNativeTarget "wsserver01" */;
			buildPhases = (
				F34EC82D2584A6BF00E30D9A /* Sources */,
				F34EC82E2584A6BF00E30D9A /* Frameworks */,
				F34EC82F2584A6BF00E30D9A /* CopyFiles */,
			);
			buildRules = (
			);
			dependencies = (
				F34EC8CE2584B6DC00E30D9A /* PBXTargetDependency */,
			);
			name = wsserver01;
			productName = wsserver01;
			productReference = F34EC8312584A6BF00E30D9A /* wsserver01 */;
			productType = "com.apple.product-type.tool";
		};
/* End PBXNativeTarget section */

/* Begin PBXProject section */
		F34EC8292584A6BF00E30D9A /* Project object */ = {
			isa = PBXProject;
			attributes = {
				LastUpgradeCheck = 1200;
				TargetAttributes = {
					F34EC8302584A6BF00E30D9A = {
						CreatedOnToolsVersion = 12.0.1;
					};
				};
			};
			buildConfigurationList = F34EC82C2584A6BF00E30D9A /* Build configuration list for PBXProject "wsserver01" */;
			compatibilityVersion = "Xcode 9.3";
			developmentRegion = en;
			hasScannedForEncodings = 0;
			knownRegions = (
				en,
				Base,
			);
			mainGroup = F34EC8282584A6BF00E30D9A;
			productRefGroup = F34EC8322584A6BF00E30D9A /* Products */;
			projectDirPath = "";
			projectReferences = (
				{
					ProductGroup = F34EC8C62584B6CB00E30D9A /* Products */;
					ProjectRef = F34EC8C52584B6CB00E30D9A /* system_wrappers.xcodeproj */;
				},
			);
			projectRoot = "";
			targets = (
				F34EC8302584A6BF00E30D9A /* wsserver01 */,
			);
		};
/* End PBXProject section */

/* Begin PBXReferenceProxy section */
		F34EC8CA2584B6CB00E30D9A /* libsystem_wrappers.a */ = {
			isa = PBXReferenceProxy;
			fileType = archive.ar;
			path = libsystem_wrappers.a;
			remoteRef = F34EC8C92584B6CB00E30D9A /* PBXContainerItemProxy */;
			sourceTree = BUILT_PRODUCTS_DIR;
		};
/* End PBXReferenceProxy section */

/* Begin PBXSourcesBuildPhase section */
		F34EC82D2584A6BF00E30D9A /* Sources */ = {
			isa = PBXSourcesBuildPhase;
			buildActionMask = 2147483647;
			files = (
				F34EC8352584A6BF00E30D9A /* main.cpp in Sources */,
				F34EC85D2584A71B00E30D9A /* wsserver.cpp in Sources */,
			);
			runOnlyForDeploymentPostprocessing = 0;
		};
/* End PBXSourcesBuildPhase section */

/* Begin PBXTargetDependency section */
		F34EC8CE2584B6DC00E30D9A /* PBXTargetDependency */ = {
			isa = PBXTargetDependency;
			name = system_wrappers;
			targetProxy = F34EC8CD2584B6DC00E30D9A /* PBXContainerItemProxy */;
		};
/* End PBXTargetDependency section */

/* Begin XCBuildConfiguration section */
		F34EC8362584A6BF00E30D9A /* Debug */ = {
			isa = XCBuildConfiguration;
			buildSettings = {
				ALWAYS_SEARCH_USER_PATHS = NO;
				CLANG_ANALYZER_NONNULL = YES;
				CLANG_ANALYZER_NUMBER_OBJECT_CONVERSION = YES_AGGRESSIVE;
				CLANG_CXX_LANGUAGE_STANDARD = "gnu++14";
				CLANG_CXX_LIBRARY = "libc++";
				CLANG_ENABLE_MODULES = YES;
				CLANG_ENABLE_OBJC_ARC = YES;
				CLANG_ENABLE_OBJC_WEAK = YES;
				CLANG_WARN_BLOCK_CAPTURE_AUTORELEASING = YES;
				CLANG_WARN_BOOL_CONVERSION = YES;
				CLANG_WARN_COMMA = YES;
				CLANG_WARN_CONSTANT_CONVERSION = YES;
				CLANG_WARN_DEPRECATED_OBJC_IMPLEMENTATIONS = YES;
				CLANG_WARN_DIRECT_OBJC_ISA_USAGE = YES_ERROR;
				CLANG_WARN_DOCUMENTATION_COMMENTS = YES;
				CLANG_WARN_EMPTY_BODY = YES;
				CLANG_WARN_ENUM_CONVERSION = YES;
				CLANG_WARN_INFINITE_RECURSION = YES;
				CLANG_WARN_INT_CONVERSION = YES;
				CLANG_WARN_NON_LITERAL_NULL_CONVERSION = YES;
				CLANG_WARN_OBJC_IMPLICIT_RETAIN_SELF = YES;
				CLANG_WARN_OBJC_LITERAL_CONVERSION = YES;
				CLANG_WARN_OBJC_ROOT_CLASS = YES_ERROR;
				CLANG_WARN_QUOTED_INCLUDE_IN_FRAMEWORK_HEADER = YES;
				CLANG_WARN_RANGE_LOOP_ANALYSIS = YES;
				CLANG_WARN_STRICT_PROTOTYPES = YES;
				CLANG_WARN_SUSPICIOUS_MOVE = YES;
				CLANG_WARN_UNGUARDED_AVAILABILITY = YES_AGGRESSIVE;
				CLANG_WARN_UNREACHABLE_CODE = YES;
				CLANG_WARN__DUPLICATE_METHOD_MATCH = YES;
				COPY_PHASE_STRIP = NO;
				DEBUG_INFORMATION_FORMAT = dwarf;
				ENABLE_STRICT_OBJC_MSGSEND = YES;
				ENABLE_TESTABILITY = YES;
				GCC_C_LANGUAGE_STANDARD = gnu11;
				GCC_DYNAMIC_NO_PIC = NO;
				GCC_NO_COMMON_BLOCKS = YES;
				GCC_OPTIMIZATION_LEVEL = 0;
				GCC_PREPROCESSOR_DEFINITIONS = (
					"DEBUG=1",
					"$(inherited)",
				);
				GCC_WARN_64_TO_32_BIT_CONVERSION = YES;
				GCC_WARN_ABOUT_RETURN_TYPE = YES_ERROR;
				GCC_WARN_UNDECLARED_SELECTOR = YES;
				GCC_WARN_UNINITIALIZED_AUTOS = YES_AGGRESSIVE;
				GCC_WARN_UNUSED_FUNCTION = YES;
				GCC_WARN_UNUSED_VARIABLE = YES;
				MACOSX_DEPLOYMENT_TARGET = 10.15;
				MTL_ENABLE_DEBUG_INFO = INCLUDE_SOURCE;
				MTL_FAST_MATH = YES;
				ONLY_ACTIVE_ARCH = YES;
				SDKROOT = macosx;
			};
			name = Debug;
		};
		F34EC8372584A6BF00E30D9A /* Release */ = {
			isa = XCBuildConfiguration;
			buildSettings = {
				ALWAYS_SEARCH_USER_PATHS = NO;
				CLANG_ANALYZER_NONNULL = YES;
				CLANG_ANALYZER_NUMBER_OBJECT_CONVERSION = YES_AGGRESSIVE;
				CLANG_CXX_LANGUAGE_STANDARD = "gnu++14";
				CLANG_CXX_LIBRARY = "libc++";
				CLANG_ENABLE_MODULES = YES;
				CLANG_ENABLE_OBJC_ARC = YES;
				CLANG_ENABLE_OBJC_WEAK = YES;
				CLANG_WARN_BLOCK_CAPTURE_AUTORELEASING = YES;
				CLANG_WARN_BOOL_CONVERSION = YES;
				CLANG_WARN_COMMA = YES;
				CLANG_WARN_CONSTANT_CONVERSION = YES;
				CLANG_WARN_DEPRECATED_OBJC_IMPLEMENTATIONS = YES;
				CLANG_WARN_DIRECT_OBJC_ISA_USAGE = YES_ERROR;
				CLANG_WARN_DOCUMENTATION_COMMENTS = YES;
				CLANG_WARN_EMPTY_BODY = YES;
				CLANG_WARN_ENUM_CONVERSION = YES;
				CLANG_WARN_INFINITE_RECURSION = YES;
				CLANG_WARN_INT_CONVERSION = YES;
				CLANG_WARN_NON_LITERAL_NULL_CONVERSION = YES;
				CLANG_WARN_OBJC_IMPLICIT_RETAIN_SELF = YES;
				CLANG_WARN_OBJC_LITERAL_CONVERSION = YES;
				CLANG_WARN_OBJC_ROOT_CLASS = YES_ERROR;
				CLANG_WARN_QUOTED_INCLUDE_IN_FRAMEWORK_HEADER = YES;
				CLANG_WARN_RANGE_LOOP_ANALYSIS = YES;
				CLANG_WARN_STRICT_PROTOTYPES = YES;
				CLANG_WARN_SUSPICIOUS_MOVE = YES;
				CLANG_WARN_UNGUARDED_AVAILABILITY = YES_AGGRESSIVE;
				CLANG_WARN_UNREACHABLE_CODE = YES;
				CLANG_WARN__DUPLICATE_METHOD_MATCH = YES;
				COPY_PHASE_STRIP = NO;
				DEBUG_INFORMATION_FORMAT = "dwarf-with-dsym";
				ENABLE_NS_ASSERTIONS = NO;
				ENABLE_STRICT_OBJC_MSGSEND = YES;
				GCC_C_LANGUAGE_STANDARD = gnu11;
				GCC_NO_COMMON_BLOCKS = YES;
				GCC_WARN_64_TO_32_BIT_CONVERSION = YES;
				GCC_WARN_ABOUT_RETURN_TYPE = YES_ERROR;
				GCC_WARN_UNDECLARED_SELECTOR = YES;
				GCC_WARN_UNINITIALIZED_AUTOS = YES_AGGRESSIVE;
				GCC_WARN_UNUSED_FUNCTION = YES;
				GCC_WARN_UNUSED_VARIABLE = YES;
				MACOSX_DEPLOYMENT_TARGET = 10.15;
				MTL_ENABLE_DEBUG_INFO = NO;
				MTL_FAST_MATH = YES;
				SDKROOT = macosx;
			};
			name = Release;
		};
		F34EC8392584A6BF00E30D9A /* Debug */ = {
			isa = XCBuildConfiguration;
			buildSettings = {
				CODE_SIGN_STYLE = Automatic;
				DEVELOPMENT_TEAM = 7448PDV238;
				ENABLE_HARDENED_RUNTIME = YES;
				PRODUCT_NAME = "$(TARGET_NAME)";
				SYSTEM_HEADER_SEARCH_PATHS = (
					"$(PROJECT_DIR)/wsserver01/src",
					"$(PROJECT_DIR)/..",
				);
			};
			name = Debug;
		};
		F34EC83A2584A6BF00E30D9A /* Release */ = {
			isa = XCBuildConfiguration;
			buildSettings = {
				CODE_SIGN_STYLE = Automatic;
				DEVELOPMENT_TEAM = 7448PDV238;
				ENABLE_HARDENED_RUNTIME = YES;
				PRODUCT_NAME = "$(TARGET_NAME)";
				SYSTEM_HEADER_SEARCH_PATHS = (
					"$(PROJECT_DIR)/wsserver01/src",
					"$(PROJECT_DIR)/..",
				);
			};
			name = Release;
		};
/* End XCBuildConfiguration section */

/* Begin XCConfigurationList section */
		F34EC82C2584A6BF00E30D9A /* Build configuration list for PBXProject "wsserver01" */ = {
			isa = XCConfigurationList;
			buildConfigurations = (
				F34EC8362584A6BF00E30D9A /* Debug */,
				F34EC8372584A6BF00E30D9A /* Release */,
			);
			defaultConfigurationIsVisible = 0;
			defaultConfigurationName = Release;
		};
		F34EC8382584A6BF00E30D9A /* Build configuration list for PBXNativeTarget "wsserver01" */ = {
			isa = XCConfigurationList;
			buildConfigurations = (
				F34EC8392584A6BF00E30D9A /* Debug */,
				F34EC83A2584A6BF00E30D9A /* Release */,
			);
			defaultConfigurationIsVisible = 0;
			defaultConfigurationName = Release;
		};
/* End XCConfigurationList section */
	};
	rootObject = F34EC8292584A6BF00E30D9A /* Project object */;
}
